#MicroXplorer Configuration settings - do not modify
CAD.formats=
CAD.pinconfig=
CAD.provider=
Dma.Request0=SPI1_RX
Dma.Request1=SPI1_TX
Dma.Request2=SPI2_RX
Dma.Request3=SPI2_TX
Dma.RequestsNb=4
Dma.SPI1_RX.0.Direction=DMA_PERIPH_TO_MEMORY
Dma.SPI1_RX.0.FIFOMode=DMA_FIFOMODE_DISABLE
Dma.SPI1_RX.0.Instance=DMA2_Stream0
Dma.SPI1_RX.0.MemDataAlignment=DMA_MDATAALIGN_BYTE
Dma.SPI1_RX.0.MemInc=DMA_MINC_ENABLE
Dma.SPI1_RX.0.Mode=DMA_NORMAL
Dma.SPI1_RX.0.PeriphDataAlignment=DMA_PDATAALIGN_BYTE
Dma.SPI1_RX.0.PeriphInc=DMA_PINC_DISABLE
Dma.SPI1_RX.0.Priority=DMA_PRIORITY_LOW
Dma.SPI1_RX.0.RequestParameters=Instance,Direction,PeriphInc,MemInc,PeriphDataAlignment,MemDataAlignment,Mode,Priority,FIFOMode
Dma.SPI1_TX.1.Direction=DMA_MEMORY_TO_PERIPH
Dma.SPI1_TX.1.FIFOMode=DMA_FIFOMODE_DISABLE
Dma.SPI1_TX.1.Instance=DMA2_Stream3
Dma.SPI1_TX.1.MemDataAlignment=DMA_MDATAALIGN_BYTE
Dma.SPI1_TX.1.MemInc=DMA_MINC_ENABLE
Dma.SPI1_TX.1.Mode=DMA_NORMAL
Dma.SPI1_TX.1.PeriphDataAlignment=DMA_PDATAALIGN_BYTE
Dma.SPI1_TX.1.PeriphInc=DMA_PINC_DISABLE
Dma.SPI1_TX.1.Priority=DMA_PRIORITY_LOW
Dma.SPI1_TX.1.RequestParameters=Instance,Direction,PeriphInc,MemInc,PeriphDataAlignment,MemDataAlignment,Mode,Priority,FIFOMode
Dma.SPI2_RX.2.Direction=DMA_PERIPH_TO_MEMORY
Dma.SPI2_RX.2.FIFOMode=DMA_FIFOMODE_DISABLE
Dma.SPI2_RX.2.Instance=DMA1_Stream3
Dma.SPI2_RX.2.MemDataAlignment=DMA_MDATAALIGN_BYTE
Dma.SPI2_RX.2.MemInc=DMA_MINC_ENABLE
Dma.SPI2_RX.2.Mode=DMA_NORMAL
Dma.SPI2_RX.2.PeriphDataAlignment=DMA_PDATAALIGN_BYTE
Dma.SPI2_RX.2.PeriphInc=DMA_PINC_DISABLE
Dma.SPI2_RX.2.Priority=DMA_PRIORITY_LOW
Dma.SPI2_RX.2.RequestParameters=Instance,Direction,PeriphInc,MemInc,PeriphDataAlignment,MemDataAlignment,Mode,Priority,FIFOMode
Dma.SPI2_TX.3.Direction=DMA_MEMORY_TO_PERIPH
Dma.SPI2_TX.3.FIFOMode=DMA_FIFOMODE_DISABLE
Dma.SPI2_TX.3.Instance=DMA1_Stream4
Dma.SPI2_TX.3.MemDataAlignment=DMA_MDATAALIGN_BYTE
Dma.SPI2_TX.3.MemInc=DMA_MINC_ENABLE
Dma.SPI2_TX.3.Mode=DMA_NORMAL
Dma.SPI2_TX.3.PeriphDataAlignment=DMA_PDATAALIGN_BYTE
Dma.SPI2_TX.3.PeriphInc=DMA_PINC_DISABLE
Dma.SPI2_TX.3.Priority=DMA_PRIORITY_LOW
Dma.SPI2_TX.3.RequestParameters=Instance,Direction,PeriphInc,MemInc,PeriphDataAlignment,MemDataAlignment,Mode,Priority,FIFOMode
ETH.IPParameters=MediaInterface,MACAddr
ETH.MACAddr=94\:47\:B0\:18\:42\:BC
ETH.MediaInterface=HAL_ETH_RMII_MODE
FREERTOS.FootprintOK=true
FREERTOS.IPParameters=Tasks01,FootprintOK
FREERTOS.Tasks01=defaultTask,24,1024,StartDefaultTask,Default,NULL,Dynamic,NULL,NULL
File.Version=6
GPIO.groupedBy=Group By Peripherals
KeepUserPlacement=false
LWIP.BSP.number=1
LWIP.IPParameters=LWIP_HTTPD,LWIP_DHCP,IP_ADDRESS,NETMASK_ADDRESS,LWIP_IPV6
LWIP.IP_ADDRESS=010.010.207.029
LWIP.LWIP_DHCP=1
LWIP.LWIP_HTTPD=1
LWIP.LWIP_IPV6=0
LWIP.NETMASK_ADDRESS=255.255.240.000
LWIP.Version=v2.1.2_Cube
LWIP0.BSP.STBoard=false
LWIP0.BSP.api=BSP_COMPONENT_DRIVER
LWIP0.BSP.component=LAN8742
LWIP0.BSP.condition=
LWIP0.BSP.instance=LAN8742
LWIP0.BSP.ip=
LWIP0.BSP.mode=
LWIP0.BSP.name=Driver_PHY
LWIP0.BSP.semaphore=S_LAN8742
LWIP0.BSP.solution=LAN8742
Mcu.CPN=STM32F407VET6
Mcu.Family=STM32F4
Mcu.IP0=CRC
Mcu.IP1=DMA
Mcu.IP10=RTC
Mcu.IP11=SPI1
Mcu.IP12=SPI2
Mcu.IP13=SYS
Mcu.IP14=TIM4
Mcu.IP15=UART4
Mcu.IP16=USART3
Mcu.IP17=USART6
Mcu.IP18=WWDG
Mcu.IP2=ETH
Mcu.IP3=FREERTOS
Mcu.IP4=I2C1
Mcu.IP5=I2C3
Mcu.IP6=LWIP
Mcu.IP7=NVIC
Mcu.IP8=RCC
Mcu.IP9=RNG
Mcu.IPNb=19
Mcu.Name=STM32F407V(E-G)Tx
Mcu.Package=LQFP100
Mcu.Pin0=PE3
Mcu.Pin1=PE4
Mcu.Pin10=PC3
Mcu.Pin11=PA1
Mcu.Pin12=PA2
Mcu.Pin13=PA4
Mcu.Pin14=PA5
Mcu.Pin15=PA6
Mcu.Pin16=PA7
Mcu.Pin17=PC4
Mcu.Pin18=PC5
Mcu.Pin19=PB10
Mcu.Pin2=PE5
Mcu.Pin20=PB11
Mcu.Pin21=PB12
Mcu.Pin22=PB13
Mcu.Pin23=PB14
Mcu.Pin24=PB15
Mcu.Pin25=PD8
Mcu.Pin26=PD9
Mcu.Pin27=PD10
Mcu.Pin28=PD11
Mcu.Pin29=PD12
Mcu.Pin3=PC14-OSC32_IN
Mcu.Pin30=PD13
Mcu.Pin31=PD14
Mcu.Pin32=PD15
Mcu.Pin33=PC6
Mcu.Pin34=PC7
Mcu.Pin35=PC9
Mcu.Pin36=PA8
Mcu.Pin37=PA9
Mcu.Pin38=PA10
Mcu.Pin39=PA11
Mcu.Pin4=PC15-OSC32_OUT
Mcu.Pin40=PA12
Mcu.Pin41=PA13
Mcu.Pin42=PA14
Mcu.Pin43=PA15
Mcu.Pin44=PC10
Mcu.Pin45=PC11
Mcu.Pin46=PD0
Mcu.Pin47=PD1
Mcu.Pin48=PD2
Mcu.Pin49=PD3
Mcu.Pin5=PH0-OSC_IN
Mcu.Pin50=PD4
Mcu.Pin51=PD5
Mcu.Pin52=PD6
Mcu.Pin53=PB3
Mcu.Pin54=PB5
Mcu.Pin55=PB6
Mcu.Pin56=PB7
Mcu.Pin57=PB9
Mcu.Pin58=PE0
Mcu.Pin59=PE1
Mcu.Pin6=PH1-OSC_OUT
Mcu.Pin60=VP_CRC_VS_CRC
Mcu.Pin61=VP_FREERTOS_VS_CMSIS_V2
Mcu.Pin62=VP_LWIP_VS_Enabled
Mcu.Pin63=VP_RNG_VS_RNG
Mcu.Pin64=VP_RTC_VS_RTC_Activate
Mcu.Pin65=VP_SYS_VS_Systick
Mcu.Pin66=VP_TIM4_VS_ClockSourceINT
Mcu.Pin67=VP_WWDG_VS_WWDG
Mcu.Pin7=PC0
Mcu.Pin8=PC1
Mcu.Pin9=PC2
Mcu.PinsNb=68
Mcu.ThirdPartyNb=0
Mcu.UserConstants=
Mcu.UserName=STM32F407VETx
MxCube.Version=6.10.0
MxDb.Version=DB.6.0.100
NVIC.BusFault_IRQn=true\:0\:0\:false\:false\:true\:false\:false\:false\:false
NVIC.DMA1_Stream3_IRQn=true\:5\:0\:false\:false\:true\:true\:false\:true\:true
NVIC.DMA1_Stream4_IRQn=true\:5\:0\:false\:false\:true\:true\:false\:true\:true
NVIC.DMA2_Stream0_IRQn=true\:5\:0\:false\:false\:true\:true\:false\:true\:true
NVIC.DMA2_Stream3_IRQn=true\:5\:0\:false\:false\:true\:true\:false\:true\:true
NVIC.DebugMonitor_IRQn=true\:0\:0\:false\:false\:true\:false\:false\:false\:false
NVIC.ETH_IRQn=true\:5\:0\:false\:false\:true\:true\:false\:true\:true
NVIC.ETH_WKUP_IRQn=true\:5\:0\:false\:false\:true\:true\:true\:true\:true
NVIC.ForceEnableDMAVector=true
NVIC.HardFault_IRQn=true\:0\:0\:false\:false\:true\:false\:false\:false\:false
NVIC.MemoryManagement_IRQn=true\:0\:0\:false\:false\:true\:false\:false\:false\:false
NVIC.NonMaskableInt_IRQn=true\:0\:0\:false\:false\:true\:false\:false\:true\:false
NVIC.PendSV_IRQn=true\:15\:0\:false\:false\:false\:true\:false\:false\:false
NVIC.PriorityGroup=NVIC_PRIORITYGROUP_4
NVIC.SVCall_IRQn=true\:0\:0\:false\:false\:false\:false\:false\:false\:false
NVIC.SavedPendsvIrqHandlerGenerated=true
NVIC.SavedSvcallIrqHandlerGenerated=true
NVIC.SavedSystickIrqHandlerGenerated=true
NVIC.SysTick_IRQn=true\:15\:0\:false\:false\:true\:true\:false\:true\:false
NVIC.UsageFault_IRQn=true\:0\:0\:false\:false\:true\:false\:false\:false\:false
PA1.Mode=RMII
PA1.Signal=ETH_REF_CLK
PA10.GPIOParameters=GPIO_Speed,PinState,GPIO_Label
PA10.GPIO_Label=JTAG_MUX_SEL
PA10.GPIO_Speed=GPIO_SPEED_FREQ_LOW
PA10.Locked=true
PA10.PinState=GPIO_PIN_SET
PA10.Signal=GPIO_Output
PA11.GPIOParameters=PinState,GPIO_Label
PA11.GPIO_Label=JTAG_MUX_EN
PA11.Locked=true
PA11.PinState=GPIO_PIN_SET
PA11.Signal=GPIO_Output
PA12.GPIOParameters=GPIO_Label,GPIO_ModeDefaultEXTI
PA12.GPIO_Label=PWR_SW_P
PA12.GPIO_ModeDefaultEXTI=GPIO_MODE_IT_RISING_FALLING
PA12.Locked=true
PA12.Signal=GPXTI12
PA13.Mode=JTAG_4_pins
PA13.Signal=SYS_JTMS-SWDIO
PA14.Mode=JTAG_4_pins
PA14.Signal=SYS_JTCK-SWCLK
PA15.Mode=JTAG_4_pins
PA15.Signal=SYS_JTDI
PA2.Mode=RMII
PA2.Signal=ETH_MDIO
PA4.GPIOParameters=GPIO_Speed,PinState,GPIO_Label
PA4.GPIO_Label=SPI1_NSS
PA4.GPIO_Speed=GPIO_SPEED_FREQ_VERY_HIGH
PA4.Locked=true
PA4.PinState=GPIO_PIN_SET
PA4.Signal=GPIO_Output
PA5.Mode=Full_Duplex_Master
PA5.Signal=SPI1_SCK
PA6.Mode=Full_Duplex_Master
PA6.Signal=SPI1_MISO
PA7.Mode=RMII
PA7.Signal=ETH_CRS_DV
PA8.Mode=SMBus-Alert-mode
PA8.Signal=I2C3_SCL
PA9.Mode=SMBus-Alert-mode
PA9.Signal=I2C3_SMBA
PB10.Mode=Full_Duplex_Master
PB10.Signal=SPI2_SCK
PB11.Mode=RMII
PB11.Signal=ETH_TX_EN
PB12.Mode=RMII
PB12.Signal=ETH_TXD0
PB13.Mode=RMII
PB13.Signal=ETH_TXD1
PB14.GPIOParameters=PinState,GPIO_Label
PB14.GPIO_Label=EEPROM_WP
PB14.Locked=true
PB14.PinState=GPIO_PIN_SET
PB14.Signal=GPIO_Output
PB15.GPIOParameters=PinState,GPIO_Label
PB15.GPIO_Label=UART_MUX_SEL
PB15.Locked=true
PB15.PinState=GPIO_PIN_SET
PB15.Signal=GPIO_Output
PB3.Mode=JTAG_4_pins
PB3.Signal=SYS_JTDO-SWO
PB5.Mode=Full_Duplex_Master
PB5.Signal=SPI1_MOSI
PB6.Mode=I2C
PB6.Signal=I2C1_SCL
PB7.Mode=I2C
PB7.Signal=I2C1_SDA
PB9.GPIOParameters=GPIO_Speed,PinState,GPIO_Label
PB9.GPIO_Label=SPI2_NSS
PB9.GPIO_Speed=GPIO_SPEED_FREQ_VERY_HIGH
PB9.Locked=true
PB9.PinState=GPIO_PIN_SET
PB9.Signal=GPIO_Output
PC0.GPIOParameters=GPIO_Label
PC0.GPIO_Label=MCU_PHY_RESETN
PC0.Locked=true
PC0.Signal=GPIO_Output
PC1.Mode=RMII
PC1.Signal=ETH_MDC
PC10.Locked=true
PC10.Mode=Asynchronous
PC10.Signal=UART4_TX
PC11.Locked=true
PC11.Mode=Asynchronous
PC11.Signal=UART4_RX
PC14-OSC32_IN.Mode=LSE-External-Oscillator
PC14-OSC32_IN.Signal=RCC_OSC32_IN
PC15-OSC32_OUT.Mode=LSE-External-Oscillator
PC15-OSC32_OUT.Signal=RCC_OSC32_OUT
PC2.Mode=Full_Duplex_Master
PC2.Signal=SPI2_MISO
PC3.Mode=Full_Duplex_Master
PC3.Signal=SPI2_MOSI
PC4.Mode=RMII
PC4.Signal=ETH_RXD0
PC5.Mode=RMII
PC5.Signal=ETH_RXD1
PC6.Mode=Asynchronous
PC6.Signal=USART6_TX
PC7.Mode=Asynchronous
PC7.Signal=USART6_RX
PC9.Mode=SMBus-Alert-mode
PC9.Signal=I2C3_SDA
PD0.GPIOParameters=GPIO_Label
PD0.GPIO_Label=BOOT_SEL0
PD0.Locked=true
PD0.Signal=GPIO_Output
PD1.GPIOParameters=GPIO_Label
PD1.GPIO_Label=BOOT_SEL1
PD1.Locked=true
PD1.Signal=GPIO_Output
PD10.GPIOParameters=GPIO_Label
PD10.GPIO_Label=PWR_LED
PD10.Locked=true
PD10.Signal=GPIO_Output
PD11.GPIOParameters=GPIO_Label
PD11.GPIO_Label=SLP_LED
PD11.Locked=true
PD11.Signal=GPIO_Output
PD12.Signal=S_TIM4_CH1
PD13.Signal=S_TIM4_CH2
PD14.Signal=S_TIM4_CH3
PD15.Signal=S_TIM4_CH4
PD2.GPIOParameters=GPIO_Label
PD2.GPIO_Label=BOOT_SEL2
PD2.Locked=true
PD2.Signal=GPIO_Output
PD3.GPIOParameters=GPIO_Label
PD3.GPIO_Label=BOOT_SEL3
PD3.Locked=true
PD3.Signal=GPIO_Output
PD4.GPIOParameters=GPIO_Label
PD4.GPIO_Label=SOM_PMIC_ON_REQ
PD4.Locked=true
PD4.Signal=GPIO_Output
PD5.GPIOParameters=GPIO_Label
PD5.GPIO_Label=MCU_RESET_SOM_N
PD5.Locked=true
PD5.Signal=GPIO_Output
PD6.GPIOParameters=GPIO_Label
PD6.GPIO_Label=SOM_RST_OUT_N
PD6.Locked=true
PD6.Signal=GPIO_Input
PD8.Mode=Asynchronous
PD8.Signal=USART3_TX
PD9.Mode=Asynchronous
PD9.Signal=USART3_RX
PE0.GPIOParameters=GPIO_Label
PE0.GPIO_Label=CHASS_FAN_TACH1
PE0.Locked=true
PE0.Signal=GPIO_Input
PE1.GPIOParameters=GPIO_Label
PE1.GPIO_Label=CHASS_FAN_TACH2
PE1.Locked=true
PE1.Signal=GPIO_Input
PE3.GPIOParameters=GPIO_Label
PE3.GPIO_Label=ATX_PS_ON
PE3.Locked=true
PE3.Signal=GPIO_Output
PE4.GPIOParameters=GPIO_Label
PE4.GPIO_Label=ATX_PWR_OK
PE4.Locked=true
PE4.Signal=GPIO_Input
PE5.GPIOParameters=GPIO_Label
PE5.GPIO_Label=DCDC_PWR_OK
PE5.Locked=true
PE5.Signal=GPIO_Input
PH0-OSC_IN.Mode=HSE-External-Oscillator
PH0-OSC_IN.Signal=RCC_OSC_IN
PH1-OSC_OUT.Mode=HSE-External-Oscillator
PH1-OSC_OUT.Signal=RCC_OSC_OUT
PinOutPanel.RotationAngle=0
ProjectManager.AskForMigrate=true
ProjectManager.BackupPrevious=false
ProjectManager.CompilerLinker=GCC
ProjectManager.CompilerOptimize=6
ProjectManager.ComputerToolchain=false
ProjectManager.CoupleFile=false
ProjectManager.CustomerFirmwarePackage=
ProjectManager.DefaultFWLocation=true
ProjectManager.DeletePrevious=true
ProjectManager.DeviceId=STM32F407VETx
ProjectManager.FirmwarePackage=STM32Cube FW_F4 V1.28.0
ProjectManager.FreePins=false
ProjectManager.HalAssertFull=false
ProjectManager.HeapSize=0x200
ProjectManager.KeepUserCode=true
ProjectManager.LastFirmware=true
ProjectManager.LibraryCopy=1
ProjectManager.MainLocation=Core/Src
ProjectManager.MultiThreaded=true
ProjectManager.NoMain=false
ProjectManager.PreviousToolchain=
ProjectManager.ProjectBuild=false
ProjectManager.ProjectFileName=STM32F407VET6_BMC.ioc
ProjectManager.ProjectName=STM32F407VET6_BMC
ProjectManager.ProjectStructure=
ProjectManager.RegisterCallBack=
ProjectManager.StackSize=0x400
ProjectManager.TargetToolchain=Makefile
ProjectManager.ThreadSafeStrategy=Cortex-M4NS\:Default,
ProjectManager.ToolChainLocation=
ProjectManager.UAScriptAfterPath=
ProjectManager.UAScriptBeforePath=
ProjectManager.UnderRoot=false
ProjectManager.functionlistsort=1-SystemClock_Config-RCC-false-HAL-false,2-MX_GPIO_Init-GPIO-false-HAL-true,3-MX_DMA_Init-DMA-false-HAL-true,4-MX_I2C1_Init-I2C1-false-HAL-true,5-MX_I2C3_SMBUS_Init-I2C3-false-HAL-true,6-MX_SPI2_Init-SPI2-false-HAL-true,7-MX_USART3_UART_Init-USART3-false-HAL-true,8-MX_WWDG_Init-WWDG-false-HAL-true,9-MX_USART6_UART_Init-USART6-false-HAL-true,10-MX_RTC_Init-RTC-false-HAL-true,11-MX_TIM4_Init-TIM4-false-HAL-true,12-MX_SPI1_Init-SPI1-false-HAL-true,13-MX_UART4_Init-UART4-false-HAL-true,14-MX_CRC_Init-CRC-false-HAL-true,15-MX_RNG_Init-RNG-false-HAL-true,16-MX_LWIP_Init-LWIP-false-HAL-false
RCC.48MHZClocksFreq_Value=48000000
RCC.AHBFreq_Value=168000000
RCC.APB1CLKDivider=RCC_HCLK_DIV4
RCC.APB1Freq_Value=42000000
RCC.APB1TimFreq_Value=84000000
RCC.APB2CLKDivider=RCC_HCLK_DIV2
RCC.APB2Freq_Value=84000000
RCC.APB2TimFreq_Value=168000000
RCC.CortexFreq_Value=168000000
RCC.EnbaleCSS=true
RCC.EthernetFreq_Value=168000000
RCC.FCLKCortexFreq_Value=168000000
RCC.FamilyName=M
RCC.HCLKFreq_Value=168000000
RCC.HSE_VALUE=25000000
RCC.HSI_VALUE=16000000
RCC.I2SClocksFreq_Value=96000000
RCC.IPParameters=48MHZClocksFreq_Value,AHBFreq_Value,APB1CLKDivider,APB1Freq_Value,APB1TimFreq_Value,APB2CLKDivider,APB2Freq_Value,APB2TimFreq_Value,CortexFreq_Value,EnbaleCSS,EthernetFreq_Value,FCLKCortexFreq_Value,FamilyName,HCLKFreq_Value,HSE_VALUE,HSI_VALUE,I2SClocksFreq_Value,LSI_VALUE,MCO2PinFreq_Value,PLLCLKFreq_Value,PLLM,PLLN,PLLQ,PLLQCLKFreq_Value,PLLSourceVirtual,RCC_RTC_Clock_Source,RCC_RTC_Clock_SourceVirtual,RTCFreq_Value,RTCHSEDivFreq_Value,SYSCLKFreq_VALUE,SYSCLKSource,VCOI2SOutputFreq_Value,VCOInputFreq_Value,VCOOutputFreq_Value,VcooutputI2S
RCC.LSI_VALUE=32000
RCC.MCO2PinFreq_Value=168000000
RCC.PLLCLKFreq_Value=168000000
RCC.PLLM=25
RCC.PLLN=336
RCC.PLLQ=7
RCC.PLLQCLKFreq_Value=48000000
RCC.PLLSourceVirtual=RCC_PLLSOURCE_HSE
RCC.RCC_RTC_Clock_Source=RCC_RTCCLKSOURCE_LSE
RCC.RCC_RTC_Clock_SourceVirtual=RCC_RTCCLKSOURCE_LSE
RCC.RTCFreq_Value=32768
RCC.RTCHSEDivFreq_Value=12500000
RCC.SYSCLKFreq_VALUE=168000000
RCC.SYSCLKSource=RCC_SYSCLKSOURCE_PLLCLK
RCC.VCOI2SOutputFreq_Value=192000000
RCC.VCOInputFreq_Value=1000000
RCC.VCOOutputFreq_Value=336000000
RCC.VcooutputI2S=96000000
SH.GPXTI12.0=GPIO_EXTI12
SH.GPXTI12.ConfNb=1
SH.S_TIM4_CH1.0=TIM4_CH1,PWM Generation1 CH1
SH.S_TIM4_CH1.ConfNb=1
SH.S_TIM4_CH2.0=TIM4_CH2,Output Compare2 CH2
SH.S_TIM4_CH2.ConfNb=1
SH.S_TIM4_CH3.0=TIM4_CH3,Output Compare3 CH3
SH.S_TIM4_CH3.ConfNb=1
SH.S_TIM4_CH4.0=TIM4_CH4,PWM Generation4 CH4
SH.S_TIM4_CH4.ConfNb=1
SPI1.BaudRatePrescaler=SPI_BAUDRATEPRESCALER_8
SPI1.CLKPhase=SPI_PHASE_1EDGE
SPI1.CLKPolarity=SPI_POLARITY_LOW
SPI1.CalculateBaudRate=10.5 MBits/s
SPI1.Direction=SPI_DIRECTION_2LINES
SPI1.IPParameters=VirtualType,Mode,Direction,CalculateBaudRate,BaudRatePrescaler,CLKPolarity,CLKPhase
SPI1.Mode=SPI_MODE_MASTER
SPI1.VirtualType=VM_MASTER
SPI2.BaudRatePrescaler=SPI_BAUDRATEPRESCALER_4
SPI2.CLKPhase=SPI_PHASE_1EDGE
SPI2.CLKPolarity=SPI_POLARITY_LOW
SPI2.CalculateBaudRate=10.5 MBits/s
SPI2.Direction=SPI_DIRECTION_2LINES
SPI2.IPParameters=VirtualType,Mode,Direction,CalculateBaudRate,CLKPolarity,CLKPhase,BaudRatePrescaler
SPI2.Mode=SPI_MODE_MASTER
SPI2.VirtualType=VM_MASTER
TIM4.Channel-Output\ Compare2\ CH2=TIM_CHANNEL_2
TIM4.Channel-Output\ Compare3\ CH3=TIM_CHANNEL_3
TIM4.Channel-PWM\ Generation1\ CH1=TIM_CHANNEL_1
TIM4.Channel-PWM\ Generation4\ CH4=TIM_CHANNEL_4
TIM4.IPParameters=Channel-PWM Generation1 CH1,Channel-Output Compare2 CH2,Channel-Output Compare3 CH3,Channel-PWM Generation4 CH4
UART4.IPParameters=VirtualMode
UART4.VirtualMode=Asynchronous
USART3.IPParameters=VirtualMode
USART3.VirtualMode=VM_ASYNC
USART6.IPParameters=VirtualMode
USART6.VirtualMode=VM_ASYNC
VP_CRC_VS_CRC.Mode=CRC_Activate
VP_CRC_VS_CRC.Signal=CRC_VS_CRC
VP_FREERTOS_VS_CMSIS_V2.Mode=CMSIS_V2
VP_FREERTOS_VS_CMSIS_V2.Signal=FREERTOS_VS_CMSIS_V2
VP_LWIP_VS_Enabled.Mode=Enabled
VP_LWIP_VS_Enabled.Signal=LWIP_VS_Enabled
VP_RNG_VS_RNG.Mode=RNG_Activate
VP_RNG_VS_RNG.Signal=RNG_VS_RNG
VP_RTC_VS_RTC_Activate.Mode=RTC_Enabled
VP_RTC_VS_RTC_Activate.Signal=RTC_VS_RTC_Activate
VP_SYS_VS_Systick.Mode=SysTick
VP_SYS_VS_Systick.Signal=SYS_VS_Systick
VP_TIM4_VS_ClockSourceINT.Mode=Internal
VP_TIM4_VS_ClockSourceINT.Signal=TIM4_VS_ClockSourceINT
VP_WWDG_VS_WWDG.Mode=WWDG_Activate
VP_WWDG_VS_WWDG.Signal=WWDG_VS_WWDG
board=custom
rtos.0.ip=FREERTOS
